
Microsoft Visual Studio Solution File, Format Version 12.00
# Visual Studio Version 16
VisualStudioVersion = 16.0.31515.178
MinimumVisualStudioVersion = 10.0.40219.1
Project("{FAE04EC0-301F-11D3-BF4B-00C04F79EFBC}") = "Sample.Web", "Sample\Sample.Web.csproj", "{04FC5862-0DB1-4533-986B-6623445CA425}"
EndProject
Project("{FAE04EC0-301F-11D3-BF4B-00C04F79EFBC}") = "Sample.DAL", "Sample.DAL\Sample.DAL.csproj", "{37EF7ED7-68C9-41AB-9942-06C1A3281B87}"
EndProject
Project("{FAE04EC0-301F-11D3-BF4B-00C04F79EFBC}") = "Sample.Impl", "Sample.Impl\Sample.Impl.csproj", "{0D66CDB2-C3FC-4EFB-802C-0852B9C4CB24}"
EndProject
Project("{FAE04EC0-301F-11D3-BF4B-00C04F79EFBC}") = "Sample.Common", "Sample.Common\Sample.Common.csproj", "{2F642951-A5BD-4A8C-8544-6DB402B761AA}"
EndProject
Global
	GlobalSection(SolutionConfigurationPlatforms) = preSolution
		Debug|Any CPU = Debug|Any CPU
		Release|Any CPU = Release|Any CPU
	EndGlobalSection
	GlobalSection(ProjectConfigurationPlatforms) = postSolution
		{04FC5862-0DB1-4533-986B-6623445CA425}.Debug|Any CPU.ActiveCfg = Debug|Any CPU
		{04FC5862-0DB1-4533-986B-6623445CA425}.Debug|Any CPU.Build.0 = Debug|Any CPU
		{04FC5862-0DB1-4533-986B-6623445CA425}.Release|Any CPU.ActiveCfg = Release|Any CPU
		{04FC5862-0DB1-4533-986B-6623445CA425}.Release|Any CPU.Build.0 = Release|Any CPU
		{37EF7ED7-68C9-41AB-9942-06C1A3281B87}.Debug|Any CPU.ActiveCfg = Debug|Any CPU
		{37EF7ED7-68C9-41AB-9942-06C1A3281B87}.Debug|Any CPU.Build.0 = Debug|Any CPU
		{37EF7ED7-68C9-41AB-9942-06C1A3281B87}.Release|Any CPU.ActiveCfg = Release|Any CPU
		{37EF7ED7-68C9-41AB-9942-06C1A3281B87}.Release|Any CPU.Build.0 = Release|Any CPU
		{0D66CDB2-C3FC-4EFB-802C-0852B9C4CB24}.Debug|Any CPU.ActiveCfg = Debug|Any CPU
		{0D66CDB2-C3FC-4EFB-802C-0852B9C4CB24}.Debug|Any CPU.Build.0 = Debug|Any CPU
		{0D66CDB2-C3FC-4EFB-802C-0852B9C4CB24}.Release|Any CPU.ActiveCfg = Release|Any CPU
		{0D66CDB2-C3FC-4EFB-802C-0852B9C4CB24}.Release|Any CPU.Build.0 = Release|Any CPU
		{2F642951-A5BD-4A8C-8544-6DB402B761AA}.Debug|Any CPU.ActiveCfg = Debug|Any CPU
		{2F642951-A5BD-4A8C-8544-6DB402B761AA}.Debug|Any CPU.Build.0 = Debug|Any CPU
		{2F642951-A5BD-4A8C-8544-6DB402B761AA}.Release|Any CPU.ActiveCfg = Release|Any CPU
		{2F642951-A5BD-4A8C-8544-6DB402B761AA}.Release|Any CPU.Build.0 = Release|Any CPU
	EndGlobalSection
	GlobalSection(SolutionProperties) = preSolution
		HideSolutionNode = FALSE
	EndGlobalSection
	GlobalSection(ExtensibilityGlobals) = postSolution
		SolutionGuid = {705A2B4A-4CCE-4403-9DE3-0B65F63459DF}
	EndGlobalSection
EndGlobal
